
Microsoft Visual Studio Solution File, Format Version 11.00
# Visual Studio 2010
Project("{FAE04EC0-301F-11D3-BF4B-00C04F79EFBC}") = "CheckMate.UI.Web", "CheckMate.UI.Web\CheckMate.UI.Web.csproj", "{74C39AEC-2EF4-4E86-879E-B2BC711D62CE}"
EndProject
Project("{FAE04EC0-301F-11D3-BF4B-00C04F79EFBC}") = "CheckMate.Tests", "CheckMate.Tests\CheckMate.Tests.csproj", "{EA9DAD09-6274-4A40-A5BE-8E5B8108F7DC}"
EndProject
Project("{FAE04EC0-301F-11D3-BF4B-00C04F79EFBC}") = "CheckMate.Contracts", "CheckMate.Contracts\CheckMate.Contracts.csproj", "{DC7BD457-60F9-495C-96BC-643B68E99CEA}"
EndProject
Project("{F2A71F9B-5D33-465A-A702-920D77279786}") = "CheckMate.Services", "CheckMate.Services\CheckMate.Services.fsproj", "{7B94CC3F-D24F-426A-9FDE-C15DD831F703}"
EndProject
Project("{F2A71F9B-5D33-465A-A702-920D77279786}") = "CheckMate.DataAccess", "CheckMate.DataAccess\CheckMate.DataAccess.fsproj", "{FF748587-DCD8-4FA6-803C-D4C36861C688}"
EndProject
Project("{F2A71F9B-5D33-465A-A702-920D77279786}") = "CheckMate.Fs.Tests", "CheckMate.Fs.Tests\CheckMate.Fs.Tests.fsproj", "{438E5806-520E-4DE7-983F-F4AB3299AAC5}"
EndProject
Global
	GlobalSection(SolutionConfigurationPlatforms) = preSolution
		Debug|Any CPU = Debug|Any CPU
		Release|Any CPU = Release|Any CPU
	EndGlobalSection
	GlobalSection(ProjectConfigurationPlatforms) = postSolution
		{74C39AEC-2EF4-4E86-879E-B2BC711D62CE}.Debug|Any CPU.ActiveCfg = Debug|Any CPU
		{74C39AEC-2EF4-4E86-879E-B2BC711D62CE}.Debug|Any CPU.Build.0 = Debug|Any CPU
		{74C39AEC-2EF4-4E86-879E-B2BC711D62CE}.Release|Any CPU.ActiveCfg = Release|Any CPU
		{74C39AEC-2EF4-4E86-879E-B2BC711D62CE}.Release|Any CPU.Build.0 = Release|Any CPU
		{EA9DAD09-6274-4A40-A5BE-8E5B8108F7DC}.Debug|Any CPU.ActiveCfg = Debug|Any CPU
		{EA9DAD09-6274-4A40-A5BE-8E5B8108F7DC}.Debug|Any CPU.Build.0 = Debug|Any CPU
		{EA9DAD09-6274-4A40-A5BE-8E5B8108F7DC}.Release|Any CPU.ActiveCfg = Release|Any CPU
		{EA9DAD09-6274-4A40-A5BE-8E5B8108F7DC}.Release|Any CPU.Build.0 = Release|Any CPU
		{DC7BD457-60F9-495C-96BC-643B68E99CEA}.Debug|Any CPU.ActiveCfg = Debug|Any CPU
		{DC7BD457-60F9-495C-96BC-643B68E99CEA}.Debug|Any CPU.Build.0 = Debug|Any CPU
		{DC7BD457-60F9-495C-96BC-643B68E99CEA}.Release|Any CPU.ActiveCfg = Release|Any CPU
		{DC7BD457-60F9-495C-96BC-643B68E99CEA}.Release|Any CPU.Build.0 = Release|Any CPU
		{7B94CC3F-D24F-426A-9FDE-C15DD831F703}.Debug|Any CPU.ActiveCfg = Debug|Any CPU
		{7B94CC3F-D24F-426A-9FDE-C15DD831F703}.Debug|Any CPU.Build.0 = Debug|Any CPU
		{7B94CC3F-D24F-426A-9FDE-C15DD831F703}.Release|Any CPU.ActiveCfg = Release|Any CPU
		{7B94CC3F-D24F-426A-9FDE-C15DD831F703}.Release|Any CPU.Build.0 = Release|Any CPU
		{FF748587-DCD8-4FA6-803C-D4C36861C688}.Debug|Any CPU.ActiveCfg = Debug|Any CPU
		{FF748587-DCD8-4FA6-803C-D4C36861C688}.Debug|Any CPU.Build.0 = Debug|Any CPU
		{FF748587-DCD8-4FA6-803C-D4C36861C688}.Release|Any CPU.ActiveCfg = Release|Any CPU
		{FF748587-DCD8-4FA6-803C-D4C36861C688}.Release|Any CPU.Build.0 = Release|Any CPU
		{438E5806-520E-4DE7-983F-F4AB3299AAC5}.Debug|Any CPU.ActiveCfg = Debug|Any CPU
		{438E5806-520E-4DE7-983F-F4AB3299AAC5}.Debug|Any CPU.Build.0 = Debug|Any CPU
		{438E5806-520E-4DE7-983F-F4AB3299AAC5}.Release|Any CPU.ActiveCfg = Release|Any CPU
		{438E5806-520E-4DE7-983F-F4AB3299AAC5}.Release|Any CPU.Build.0 = Release|Any CPU
	EndGlobalSection
	GlobalSection(SolutionProperties) = preSolution
		HideSolutionNode = FALSE
	EndGlobalSection
EndGlobal
